
Microsoft Visual Studio Solution File, Format Version 12.00
# Visual Studio 15
VisualStudioVersion = 15.0.28010.2026
MinimumVisualStudioVersion = 10.0.40219.1
Project("{FAE04EC0-301F-11D3-BF4B-00C04F79EFBC}") = "MenadueDecorator", "MenadueDecorator\MenadueDecorator.csproj", "{31804FA2-9D90-424C-9926-CA0EA6481318}"
EndProject
Global
	GlobalSection(SolutionConfigurationPlatforms) = preSolution
		Debug|Any CPU = Debug|Any CPU
		Release|Any CPU = Release|Any CPU
	EndGlobalSection
	GlobalSection(ProjectConfigurationPlatforms) = postSolution
		{31804FA2-9D90-424C-9926-CA0EA6481318}.Debug|Any CPU.ActiveCfg = Debug|Any CPU
		{31804FA2-9D90-424C-9926-CA0EA6481318}.Debug|Any CPU.Build.0 = Debug|Any CPU
		{31804FA2-9D90-424C-9926-CA0EA6481318}.Release|Any CPU.ActiveCfg = Release|Any CPU
		{31804FA2-9D90-424C-9926-CA0EA6481318}.Release|Any CPU.Build.0 = Release|Any CPU
	EndGlobalSection
	GlobalSection(SolutionProperties) = preSolution
		HideSolutionNode = FALSE
	EndGlobalSection
	GlobalSection(ExtensibilityGlobals) = postSolution
		SolutionGuid = {94652EDB-8D43-4C5C-83D1-2E79A5425AF2}
	EndGlobalSection
EndGlobal
