
Microsoft Visual Studio Solution File, Format Version 12.00
# Visual Studio 15
VisualStudioVersion = 15.0.27703.2035
MinimumVisualStudioVersion = 10.0.40219.1
Project("{FAE04EC0-301F-11D3-BF4B-00C04F79EFBC}") = "MenadueSimUDuck", "MenadueSimUDuck\MenadueSimUDuck.csproj", "{A98015AE-CA8A-4CAC-8462-2B81DA7478C2}"
EndProject
Global
	GlobalSection(SolutionConfigurationPlatforms) = preSolution
		Debug|Any CPU = Debug|Any CPU
		Release|Any CPU = Release|Any CPU
	EndGlobalSection
	GlobalSection(ProjectConfigurationPlatforms) = postSolution
		{A98015AE-CA8A-4CAC-8462-2B81DA7478C2}.Debug|Any CPU.ActiveCfg = Debug|Any CPU
		{A98015AE-CA8A-4CAC-8462-2B81DA7478C2}.Debug|Any CPU.Build.0 = Debug|Any CPU
		{A98015AE-CA8A-4CAC-8462-2B81DA7478C2}.Release|Any CPU.ActiveCfg = Release|Any CPU
		{A98015AE-CA8A-4CAC-8462-2B81DA7478C2}.Release|Any CPU.Build.0 = Release|Any CPU
	EndGlobalSection
	GlobalSection(SolutionProperties) = preSolution
		HideSolutionNode = FALSE
	EndGlobalSection
	GlobalSection(ExtensibilityGlobals) = postSolution
		SolutionGuid = {746A9B57-F2B1-4F79-918A-065EB3F1DEE8}
	EndGlobalSection
EndGlobal
