
Microsoft Visual Studio Solution File, Format Version 12.00
# Visual Studio 15
VisualStudioVersion = 15.0.27703.2035
MinimumVisualStudioVersion = 10.0.40219.1
Project("{FAE04EC0-301F-11D3-BF4B-00C04F79EFBC}") = "MenadueWeatherProgram", "MenadueWeatherProgram\MenadueWeatherProgram.csproj", "{B35545EE-844D-4AC5-BC39-27ED86AD7C9A}"
EndProject
Global
	GlobalSection(SolutionConfigurationPlatforms) = preSolution
		Debug|Any CPU = Debug|Any CPU
		Release|Any CPU = Release|Any CPU
	EndGlobalSection
	GlobalSection(ProjectConfigurationPlatforms) = postSolution
		{B35545EE-844D-4AC5-BC39-27ED86AD7C9A}.Debug|Any CPU.ActiveCfg = Debug|Any CPU
		{B35545EE-844D-4AC5-BC39-27ED86AD7C9A}.Debug|Any CPU.Build.0 = Debug|Any CPU
		{B35545EE-844D-4AC5-BC39-27ED86AD7C9A}.Release|Any CPU.ActiveCfg = Release|Any CPU
		{B35545EE-844D-4AC5-BC39-27ED86AD7C9A}.Release|Any CPU.Build.0 = Release|Any CPU
	EndGlobalSection
	GlobalSection(SolutionProperties) = preSolution
		HideSolutionNode = FALSE
	EndGlobalSection
	GlobalSection(ExtensibilityGlobals) = postSolution
		SolutionGuid = {84422C57-2FCE-46B1-B1C6-E9B65D6B86C2}
	EndGlobalSection
EndGlobal
