
Microsoft Visual Studio Solution File, Format Version 12.00
# Visual Studio 15
VisualStudioVersion = 15.0.27703.2047
MinimumVisualStudioVersion = 10.0.40219.1
Project("{FAE04EC0-301F-11D3-BF4B-00C04F79EFBC}") = "Menadue_SimUDuck", "Menadue_SimUDuck\Menadue_SimUDuck.csproj", "{2C48E999-E1B6-40C0-B6E3-69AC33D96EBC}"
EndProject
Global
	GlobalSection(SolutionConfigurationPlatforms) = preSolution
		Debug|Any CPU = Debug|Any CPU
		Release|Any CPU = Release|Any CPU
	EndGlobalSection
	GlobalSection(ProjectConfigurationPlatforms) = postSolution
		{2C48E999-E1B6-40C0-B6E3-69AC33D96EBC}.Debug|Any CPU.ActiveCfg = Debug|Any CPU
		{2C48E999-E1B6-40C0-B6E3-69AC33D96EBC}.Debug|Any CPU.Build.0 = Debug|Any CPU
		{2C48E999-E1B6-40C0-B6E3-69AC33D96EBC}.Release|Any CPU.ActiveCfg = Release|Any CPU
		{2C48E999-E1B6-40C0-B6E3-69AC33D96EBC}.Release|Any CPU.Build.0 = Release|Any CPU
	EndGlobalSection
	GlobalSection(SolutionProperties) = preSolution
		HideSolutionNode = FALSE
	EndGlobalSection
	GlobalSection(ExtensibilityGlobals) = postSolution
		SolutionGuid = {7763130E-80DC-42EB-9643-0FC72D35826F}
	EndGlobalSection
EndGlobal
